# This file was autogenerated by Stack.
# You should not edit this file by hand.
# For more information, please see the documentation at:
#   https://docs.haskellstack.org/en/stable/lock_files

packages:
- completed:
    hackage: delay-0@sha256:7fab2998bbf13bb09a2c0d9719e63417aa61b8a70706f2bc3de4478821485331,1466
    pantry-tree:
      size: 264
      sha256: 14b6dfd690427d70a1e70f8695b3a712c19bea7ed60e6624a3df51123920b6bd
  original:
    hackage: delay-0
snapshots:
- completed:
    size: 532380
    url: https://raw.githubusercontent.com/commercialhaskell/stackage-snapshots/master/lts/16/9.yaml
    sha256: 14a7cec114424e4286adde73364438927a553ed248cc50f069a30a67e3ee1e69
  original: lts-16.9
